// !$*UTF8*$!
{
	archiveVersion = 1;
	classes = {
	};
	objectVersion = 51;
	objects = {

/* Begin PBXBuildFile section */
		178C0300C2A41E0672D1329D /* libPods-myHSJournal.a in Frameworks */ = {isa = PBXBuildFile; fileRef = 94711D0EC626ADE7280B5B0B /* libPods-myHSJournal.a */; };
		2C093E032557B8FF008F7659 /* RoundButton.swift in Sources */ = {isa = PBXBuildFile; fileRef = 2C093E022557B8FF008F7659 /* RoundButton.swift */; };
		2C16E349254F2D17006BAB7A /* MainScreenController.swift in Sources */ = {isa = PBXBuildFile; fileRef = 2C16E348254F2D17006BAB7A /* MainScreenController.swift */; };
		2C16E34F254FE57E006BAB7A /* MainScreenCollectionCell.swift in Sources */ = {isa = PBXBuildFile; fileRef = 2C16E34E254FE57E006BAB7A /* MainScreenCollectionCell.swift */; };
		2C25E27F2599E0F400E38467 /* HSRecNoValueTableViewCell.swift in Sources */ = {isa = PBXBuildFile; fileRef = 2C25E27D2599E0F400E38467 /* HSRecNoValueTableViewCell.swift */; };
		2C25E2802599E0F400E38467 /* HSRecNoValueTableViewCell.xib in Resources */ = {isa = PBXBuildFile; fileRef = 2C25E27E2599E0F400E38467 /* HSRecNoValueTableViewCell.xib */; };
		2C3736B525574D3800F9CD24 /* SchoolRecordDetailsController.swift in Sources */ = {isa = PBXBuildFile; fileRef = 2C3736B425574D3800F9CD24 /* SchoolRecordDetailsController.swift */; };
		2C6BF4AC259341D6002641EC /* SchoolYearType.swift in Sources */ = {isa = PBXBuildFile; fileRef = 2C6BF4AB259341D6002641EC /* SchoolYearType.swift */; };
		2C6BF4B72596EFBE002641EC /* HSRecTitleTableViewCell.swift in Sources */ = {isa = PBXBuildFile; fileRef = 2C6BF4B52596EFBE002641EC /* HSRecTitleTableViewCell.swift */; };
		2C6BF4B82596EFBE002641EC /* HSRecTitleTableViewCell.xib in Resources */ = {isa = PBXBuildFile; fileRef = 2C6BF4B62596EFBE002641EC /* HSRecTitleTableViewCell.xib */; };
		2C6BF4BB2596EFEB002641EC /* HSRecDetailTableViewCell.swift in Sources */ = {isa = PBXBuildFile; fileRef = 2C6BF4B92596EFEB002641EC /* HSRecDetailTableViewCell.swift */; };
		2C6BF4BC2596EFEB002641EC /* HSRecDetailTableViewCell.xib in Resources */ = {isa = PBXBuildFile; fileRef = 2C6BF4BA2596EFEB002641EC /* HSRecDetailTableViewCell.xib */; };
		2C9FBA0325500D5100D9F4BD /* FreshmenScreenController.swift in Sources */ = {isa = PBXBuildFile; fileRef = 2C9FBA0225500D5100D9F4BD /* FreshmenScreenController.swift */; };
		2C9FBA0525500D6100D9F4BD /* SophomoreScreenController.swift in Sources */ = {isa = PBXBuildFile; fileRef = 2C9FBA0425500D6100D9F4BD /* SophomoreScreenController.swift */; };
		2C9FBA0725500DBB00D9F4BD /* JuniorScreenController.swift in Sources */ = {isa = PBXBuildFile; fileRef = 2C9FBA0625500DBB00D9F4BD /* JuniorScreenController.swift */; };
		2C9FBA0925500DD000D9F4BD /* SeniorScreenController.swift in Sources */ = {isa = PBXBuildFile; fileRef = 2C9FBA0825500DD000D9F4BD /* SeniorScreenController.swift */; };
		2C9FBA0B25500E6A00D9F4BD /* MyAchievementScreenController.swift in Sources */ = {isa = PBXBuildFile; fileRef = 2C9FBA0A25500E6A00D9F4BD /* MyAchievementScreenController.swift */; };
		2C9FBA0D2550135A00D9F4BD /* BeforeHSScreenController.swift in Sources */ = {isa = PBXBuildFile; fileRef = 2C9FBA0C2550135A00D9F4BD /* BeforeHSScreenController.swift */; };
		2CA1AFC425908A9900147769 /* HSRecType.swift in Sources */ = {isa = PBXBuildFile; fileRef = 2CA1AFC325908A9900147769 /* HSRecType.swift */; };
		2CF710B92546366800D5FFE6 /* AppDelegate.swift in Sources */ = {isa = PBXBuildFile; fileRef = 2CF710B82546366800D5FFE6 /* AppDelegate.swift */; };
		2CF710BB2546366800D5FFE6 /* ViewController.swift in Sources */ = {isa = PBXBuildFile; fileRef = 2CF710BA2546366800D5FFE6 /* ViewController.swift */; };
		2CF710BE2546366800D5FFE6 /* Main.storyboard in Resources */ = {isa = PBXBuildFile; fileRef = 2CF710BC2546366800D5FFE6 /* Main.storyboard */; };
		2CF710C12546366800D5FFE6 /* myHSJournal.xcdatamodeld in Sources */ = {isa = PBXBuildFile; fileRef = 2CF710BF2546366800D5FFE6 /* myHSJournal.xcdatamodeld */; };
		2CF710C32546366800D5FFE6 /* Assets.xcassets in Resources */ = {isa = PBXBuildFile; fileRef = 2CF710C22546366800D5FFE6 /* Assets.xcassets */; };
		2CF710C62546366800D5FFE6 /* LaunchScreen.storyboard in Resources */ = {isa = PBXBuildFile; fileRef = 2CF710C42546366800D5FFE6 /* LaunchScreen.storyboard */; };
/* End PBXBuildFile section */

/* Begin PBXFileReference section */
		0E1FD0F7F69C47FDDDFB6EE5 /* Pods-myHSJournal.release.xcconfig */ = {isa = PBXFileReference; includeInIndex = 1; lastKnownFileType = text.xcconfig; name = "Pods-myHSJournal.release.xcconfig"; path = "Target Support Files/Pods-myHSJournal/Pods-myHSJournal.release.xcconfig"; sourceTree = "<group>"; };
		2C093E022557B8FF008F7659 /* RoundButton.swift */ = {isa = PBXFileReference; lastKnownFileType = sourcecode.swift; path = RoundButton.swift; sourceTree = "<group>"; };
		2C16E348254F2D17006BAB7A /* MainScreenController.swift */ = {isa = PBXFileReference; lastKnownFileType = sourcecode.swift; path = MainScreenController.swift; sourceTree = "<group>"; };
		2C16E34E254FE57E006BAB7A /* MainScreenCollectionCell.swift */ = {isa = PBXFileReference; lastKnownFileType = sourcecode.swift; path = MainScreenCollectionCell.swift; sourceTree = "<group>"; };
		2C25E27D2599E0F400E38467 /* HSRecNoValueTableViewCell.swift */ = {isa = PBXFileReference; lastKnownFileType = sourcecode.swift; path = HSRecNoValueTableViewCell.swift; sourceTree = "<group>"; };
		2C25E27E2599E0F400E38467 /* HSRecNoValueTableViewCell.xib */ = {isa = PBXFileReference; lastKnownFileType = file.xib; path = HSRecNoValueTableViewCell.xib; sourceTree = "<group>"; };
		2C3736B425574D3800F9CD24 /* SchoolRecordDetailsController.swift */ = {isa = PBXFileReference; lastKnownFileType = sourcecode.swift; path = SchoolRecordDetailsController.swift; sourceTree = "<group>"; };
		2C6BF4AB259341D6002641EC /* SchoolYearType.swift */ = {isa = PBXFileReference; lastKnownFileType = sourcecode.swift; path = SchoolYearType.swift; sourceTree = "<group>"; };
		2C6BF4B52596EFBE002641EC /* HSRecTitleTableViewCell.swift */ = {isa = PBXFileReference; lastKnownFileType = sourcecode.swift; path = HSRecTitleTableViewCell.swift; sourceTree = "<group>"; };
		2C6BF4B62596EFBE002641EC /* HSRecTitleTableViewCell.xib */ = {isa = PBXFileReference; lastKnownFileType = file.xib; path = HSRecTitleTableViewCell.xib; sourceTree = "<group>"; };
		2C6BF4B92596EFEB002641EC /* HSRecDetailTableViewCell.swift */ = {isa = PBXFileReference; lastKnownFileType = sourcecode.swift; path = HSRecDetailTableViewCell.swift; sourceTree = "<group>"; };
		2C6BF4BA2596EFEB002641EC /* HSRecDetailTableViewCell.xib */ = {isa = PBXFileReference; lastKnownFileType = file.xib; path = HSRecDetailTableViewCell.xib; sourceTree = "<group>"; };
		2C9FBA0225500D5100D9F4BD /* FreshmenScreenController.swift */ = {isa = PBXFileReference; lastKnownFileType = sourcecode.swift; path = FreshmenScreenController.swift; sourceTree = "<group>"; };
		2C9FBA0425500D6100D9F4BD /* SophomoreScreenController.swift */ = {isa = PBXFileReference; lastKnownFileType = sourcecode.swift; path = SophomoreScreenController.swift; sourceTree = "<group>"; };
		2C9FBA0625500DBB00D9F4BD /* JuniorScreenController.swift */ = {isa = PBXFileReference; lastKnownFileType = sourcecode.swift; path = JuniorScreenController.swift; sourceTree = "<group>"; };
		2C9FBA0825500DD000D9F4BD /* SeniorScreenController.swift */ = {isa = PBXFileReference; lastKnownFileType = sourcecode.swift; path = SeniorScreenController.swift; sourceTree = "<group>"; };
		2C9FBA0A25500E6A00D9F4BD /* MyAchievementScreenController.swift */ = {isa = PBXFileReference; lastKnownFileType = sourcecode.swift; path = MyAchievementScreenController.swift; sourceTree = "<group>"; };
		2C9FBA0C2550135A00D9F4BD /* BeforeHSScreenController.swift */ = {isa = PBXFileReference; lastKnownFileType = sourcecode.swift; path = BeforeHSScreenController.swift; sourceTree = "<group>"; };
		2CA1AFC325908A9900147769 /* HSRecType.swift */ = {isa = PBXFileReference; lastKnownFileType = sourcecode.swift; path = HSRecType.swift; sourceTree = "<group>"; };
		2CF710B52546366800D5FFE6 /* myHSJournal.app */ = {isa = PBXFileReference; explicitFileType = wrapper.application; includeInIndex = 0; path = myHSJournal.app; sourceTree = BUILT_PRODUCTS_DIR; };
		2CF710B82546366800D5FFE6 /* AppDelegate.swift */ = {isa = PBXFileReference; lastKnownFileType = sourcecode.swift; path = AppDelegate.swift; sourceTree = "<group>"; };
		2CF710BA2546366800D5FFE6 /* ViewController.swift */ = {isa = PBXFileReference; lastKnownFileType = sourcecode.swift; path = ViewController.swift; sourceTree = "<group>"; };
		2CF710BD2546366800D5FFE6 /* Base */ = {isa = PBXFileReference; lastKnownFileType = file.storyboard; name = Base; path = Base.lproj/Main.storyboard; sourceTree = "<group>"; };
		2CF710C02546366800D5FFE6 /* myHSJournal.xcdatamodel */ = {isa = PBXFileReference; lastKnownFileType = wrapper.xcdatamodel; path = myHSJournal.xcdatamodel; sourceTree = "<group>"; };
		2CF710C22546366800D5FFE6 /* Assets.xcassets */ = {isa = PBXFileReference; lastKnownFileType = folder.assetcatalog; path = Assets.xcassets; sourceTree = "<group>"; };
		2CF710C52546366800D5FFE6 /* Base */ = {isa = PBXFileReference; lastKnownFileType = file.storyboard; name = Base; path = Base.lproj/LaunchScreen.storyboard; sourceTree = "<group>"; };
		2CF710C72546366800D5FFE6 /* Info.plist */ = {isa = PBXFileReference; lastKnownFileType = text.plist.xml; path = Info.plist; sourceTree = "<group>"; };
		4189BDB64A75809437BD9D22 /* Pods-myHSJournal.debug.xcconfig */ = {isa = PBXFileReference; includeInIndex = 1; lastKnownFileType = text.xcconfig; name = "Pods-myHSJournal.debug.xcconfig"; path = "Target Support Files/Pods-myHSJournal/Pods-myHSJournal.debug.xcconfig"; sourceTree = "<group>"; };
		94711D0EC626ADE7280B5B0B /* libPods-myHSJournal.a */ = {isa = PBXFileReference; explicitFileType = archive.ar; includeInIndex = 0; path = "libPods-myHSJournal.a"; sourceTree = BUILT_PRODUCTS_DIR; };
/* End PBXFileReference section */

/* Begin PBXFrameworksBuildPhase section */
		2CF710B22546366800D5FFE6 /* Frameworks */ = {
			isa = PBXFrameworksBuildPhase;
			buildActionMask = 2147483647;
			files = (
				178C0300C2A41E0672D1329D /* libPods-myHSJournal.a in Frameworks */,
			);
			runOnlyForDeploymentPostprocessing = 0;
		};
/* End PBXFrameworksBuildPhase section */

/* Begin PBXGroup section */
		2C093E012557B8BC008F7659 /* Helpers */ = {
			isa = PBXGroup;
			children = (
				2C093E022557B8FF008F7659 /* RoundButton.swift */,
				2CA1AFC325908A9900147769 /* HSRecType.swift */,
				2C6BF4AB259341D6002641EC /* SchoolYearType.swift */,
			);
			path = Helpers;
			sourceTree = "<group>";
		};
		2C16E347254F2CD0006BAB7A /* MainHS Screen */ = {
			isa = PBXGroup;
			children = (
				2C16E348254F2D17006BAB7A /* MainScreenController.swift */,
				2C16E34E254FE57E006BAB7A /* MainScreenCollectionCell.swift */,
			);
			path = "MainHS Screen";
			sourceTree = "<group>";
		};
		2C9FBA0025500CD900D9F4BD /* HS Grades */ = {
			isa = PBXGroup;
			children = (
				2C9FBA0225500D5100D9F4BD /* FreshmenScreenController.swift */,
				2C9FBA0425500D6100D9F4BD /* SophomoreScreenController.swift */,
				2C9FBA0625500DBB00D9F4BD /* JuniorScreenController.swift */,
				2C9FBA0825500DD000D9F4BD /* SeniorScreenController.swift */,
				2C9FBA0C2550135A00D9F4BD /* BeforeHSScreenController.swift */,
				2C3736B425574D3800F9CD24 /* SchoolRecordDetailsController.swift */,
				2C6BF4B52596EFBE002641EC /* HSRecTitleTableViewCell.swift */,
				2C6BF4B62596EFBE002641EC /* HSRecTitleTableViewCell.xib */,
				2C6BF4B92596EFEB002641EC /* HSRecDetailTableViewCell.swift */,
				2C6BF4BA2596EFEB002641EC /* HSRecDetailTableViewCell.xib */,
				2C25E27D2599E0F400E38467 /* HSRecNoValueTableViewCell.swift */,
				2C25E27E2599E0F400E38467 /* HSRecNoValueTableViewCell.xib */,
			);
			path = "HS Grades";
			sourceTree = "<group>";
		};
		2C9FBA0125500D0800D9F4BD /* HS Results */ = {
			isa = PBXGroup;
			children = (
				2C9FBA0A25500E6A00D9F4BD /* MyAchievementScreenController.swift */,
			);
			path = "HS Results";
			sourceTree = "<group>";
		};
		2CA1AFC0258F2F8000147769 /* HS DataModel */ = {
			isa = PBXGroup;
			children = (
				2CF710BF2546366800D5FFE6 /* myHSJournal.xcdatamodeld */,
			);
			path = "HS DataModel";
			sourceTree = "<group>";
		};
		2CF710AC2546366800D5FFE6 = {
			isa = PBXGroup;
			children = (
				2CF710B72546366800D5FFE6 /* myHSJournal */,
				2CF710B62546366800D5FFE6 /* Products */,
				8546211334F1443A9A3403E0 /* Pods */,
				5A12622368806D49EBEE533B /* Frameworks */,
			);
			sourceTree = "<group>";
		};
		2CF710B62546366800D5FFE6 /* Products */ = {
			isa = PBXGroup;
			children = (
				2CF710B52546366800D5FFE6 /* myHSJournal.app */,
			);
			name = Products;
			sourceTree = "<group>";
		};
		2CF710B72546366800D5FFE6 /* myHSJournal */ = {
			isa = PBXGroup;
			children = (
				2CA1AFC0258F2F8000147769 /* HS DataModel */,
				2C093E012557B8BC008F7659 /* Helpers */,
				2C9FBA0125500D0800D9F4BD /* HS Results */,
				2C9FBA0025500CD900D9F4BD /* HS Grades */,
				2C16E347254F2CD0006BAB7A /* MainHS Screen */,
				2CF710B82546366800D5FFE6 /* AppDelegate.swift */,
				2CF710BA2546366800D5FFE6 /* ViewController.swift */,
				2CF710BC2546366800D5FFE6 /* Main.storyboard */,
				2CF710C22546366800D5FFE6 /* Assets.xcassets */,
				2CF710C42546366800D5FFE6 /* LaunchScreen.storyboard */,
				2CF710C72546366800D5FFE6 /* Info.plist */,
			);
			path = myHSJournal;
			sourceTree = "<group>";
		};
		5A12622368806D49EBEE533B /* Frameworks */ = {
			isa = PBXGroup;
			children = (
				94711D0EC626ADE7280B5B0B /* libPods-myHSJournal.a */,
			);
			name = Frameworks;
			sourceTree = "<group>";
		};
		8546211334F1443A9A3403E0 /* Pods */ = {
			isa = PBXGroup;
			children = (
				4189BDB64A75809437BD9D22 /* Pods-myHSJournal.debug.xcconfig */,
				0E1FD0F7F69C47FDDDFB6EE5 /* Pods-myHSJournal.release.xcconfig */,
			);
			path = Pods;
			sourceTree = "<group>";
		};
/* End PBXGroup section */

/* Begin PBXNativeTarget section */
		2CF710B42546366800D5FFE6 /* myHSJournal */ = {
			isa = PBXNativeTarget;
			buildConfigurationList = 2CF710CA2546366800D5FFE6 /* Build configuration list for PBXNativeTarget "myHSJournal" */;
			buildPhases = (
				3F9848B79C6F00E86F8F6306 /* [CP] Check Pods Manifest.lock */,
				2CF710B12546366800D5FFE6 /* Sources */,
				2CF710B22546366800D5FFE6 /* Frameworks */,
				2CF710B32546366800D5FFE6 /* Resources */,
				04650179E78A93BE55B4E40F /* [CP] Copy Pods Resources */,
			);
			buildRules = (
			);
			dependencies = (
			);
			name = myHSJournal;
			productName = myHSJournal;
			productReference = 2CF710B52546366800D5FFE6 /* myHSJournal.app */;
			productType = "com.apple.product-type.application";
		};
/* End PBXNativeTarget section */

/* Begin PBXProject section */
		2CF710AD2546366800D5FFE6 /* Project object */ = {
			isa = PBXProject;
			attributes = {
				LastSwiftUpdateCheck = 1010;
				LastUpgradeCheck = 1010;
				ORGANIZATIONNAME = simonekarani;
				TargetAttributes = {
					2CF710B42546366800D5FFE6 = {
						CreatedOnToolsVersion = 10.1;
					};
				};
			};
			buildConfigurationList = 2CF710B02546366800D5FFE6 /* Build configuration list for PBXProject "myHSJournal" */;
			compatibilityVersion = "Xcode 9.3";
			developmentRegion = en;
			hasScannedForEncodings = 0;
			knownRegions = (
				en,
				Base,
			);
			mainGroup = 2CF710AC2546366800D5FFE6;
			productRefGroup = 2CF710B62546366800D5FFE6 /* Products */;
			projectDirPath = "";
			projectRoot = "";
			targets = (
				2CF710B42546366800D5FFE6 /* myHSJournal */,
			);
		};
/* End PBXProject section */

/* Begin PBXResourcesBuildPhase section */
		2CF710B32546366800D5FFE6 /* Resources */ = {
			isa = PBXResourcesBuildPhase;
			buildActionMask = 2147483647;
			files = (
				2CF710C62546366800D5FFE6 /* LaunchScreen.storyboard in Resources */,
				2C6BF4BC2596EFEB002641EC /* HSRecDetailTableViewCell.xib in Resources */,
				2C25E2802599E0F400E38467 /* HSRecNoValueTableViewCell.xib in Resources */,
				2CF710C32546366800D5FFE6 /* Assets.xcassets in Resources */,
				2C6BF4B82596EFBE002641EC /* HSRecTitleTableViewCell.xib in Resources */,
				2CF710BE2546366800D5FFE6 /* Main.storyboard in Resources */,
			);
			runOnlyForDeploymentPostprocessing = 0;
		};
/* End PBXResourcesBuildPhase section */

/* Begin PBXShellScriptBuildPhase section */
		04650179E78A93BE55B4E40F /* [CP] Copy Pods Resources */ = {
			isa = PBXShellScriptBuildPhase;
			buildActionMask = 2147483647;
			files = (
			);
			inputFileListPaths = (
				"${PODS_ROOT}/Target Support Files/Pods-myHSJournal/Pods-myHSJournal-resources-${CONFIGURATION}-input-files.xcfilelist",
			);
			name = "[CP] Copy Pods Resources";
			outputFileListPaths = (
				"${PODS_ROOT}/Target Support Files/Pods-myHSJournal/Pods-myHSJournal-resources-${CONFIGURATION}-output-files.xcfilelist",
			);
			runOnlyForDeploymentPostprocessing = 0;
			shellPath = /bin/sh;
			shellScript = "\"${PODS_ROOT}/Target Support Files/Pods-myHSJournal/Pods-myHSJournal-resources.sh\"\n";
			showEnvVarsInLog = 0;
		};
		3F9848B79C6F00E86F8F6306 /* [CP] Check Pods Manifest.lock */ = {
			isa = PBXShellScriptBuildPhase;
			buildActionMask = 2147483647;
			files = (
			);
			inputFileListPaths = (
			);
			inputPaths = (
				"${PODS_PODFILE_DIR_PATH}/Podfile.lock",
				"${PODS_ROOT}/Manifest.lock",
			);
			name = "[CP] Check Pods Manifest.lock";
			outputFileListPaths = (
			);
			outputPaths = (
				"$(DERIVED_FILE_DIR)/Pods-myHSJournal-checkManifestLockResult.txt",
			);
			runOnlyForDeploymentPostprocessing = 0;
			shellPath = /bin/sh;
			shellScript = "diff \"${PODS_PODFILE_DIR_PATH}/Podfile.lock\" \"${PODS_ROOT}/Manifest.lock\" > /dev/null\nif [ $? != 0 ] ; then\n    # print error to STDERR\n    echo \"error: The sandbox is not in sync with the Podfile.lock. Run 'pod install' or update your CocoaPods installation.\" >&2\n    exit 1\nfi\n# This output is used by Xcode 'outputs' to avoid re-running this script phase.\necho \"SUCCESS\" > \"${SCRIPT_OUTPUT_FILE_0}\"\n";
			showEnvVarsInLog = 0;
		};
/* End PBXShellScriptBuildPhase section */

/* Begin PBXSourcesBuildPhase section */
		2CF710B12546366800D5FFE6 /* Sources */ = {
			isa = PBXSourcesBuildPhase;
			buildActionMask = 2147483647;
			files = (
				2C6BF4BB2596EFEB002641EC /* HSRecDetailTableViewCell.swift in Sources */,
				2C9FBA0925500DD000D9F4BD /* SeniorScreenController.swift in Sources */,
				2C9FBA0D2550135A00D9F4BD /* BeforeHSScreenController.swift in Sources */,
				2C16E34F254FE57E006BAB7A /* MainScreenCollectionCell.swift in Sources */,
				2CA1AFC425908A9900147769 /* HSRecType.swift in Sources */,
				2C9FBA0525500D6100D9F4BD /* SophomoreScreenController.swift in Sources */,
				2C6BF4AC259341D6002641EC /* SchoolYearType.swift in Sources */,
				2C9FBA0725500DBB00D9F4BD /* JuniorScreenController.swift in Sources */,
				2C9FBA0325500D5100D9F4BD /* FreshmenScreenController.swift in Sources */,
				2C093E032557B8FF008F7659 /* RoundButton.swift in Sources */,
				2C9FBA0B25500E6A00D9F4BD /* MyAchievementScreenController.swift in Sources */,
				2C25E27F2599E0F400E38467 /* HSRecNoValueTableViewCell.swift in Sources */,
				2C3736B525574D3800F9CD24 /* SchoolRecordDetailsController.swift in Sources */,
				2CF710BB2546366800D5FFE6 /* ViewController.swift in Sources */,
				2C6BF4B72596EFBE002641EC /* HSRecTitleTableViewCell.swift in Sources */,
				2CF710B92546366800D5FFE6 /* AppDelegate.swift in Sources */,
				2C16E349254F2D17006BAB7A /* MainScreenController.swift in Sources */,
				2CF710C12546366800D5FFE6 /* myHSJournal.xcdatamodeld in Sources */,
			);
			runOnlyForDeploymentPostprocessing = 0;
		};
/* End PBXSourcesBuildPhase section */

/* Begin PBXVariantGroup section */
		2CF710BC2546366800D5FFE6 /* Main.storyboard */ = {
			isa = PBXVariantGroup;
			children = (
				2CF710BD2546366800D5FFE6 /* Base */,
			);
			name = Main.storyboard;
			sourceTree = "<group>";
		};
		2CF710C42546366800D5FFE6 /* LaunchScreen.storyboard */ = {
			isa = PBXVariantGroup;
			children = (
				2CF710C52546366800D5FFE6 /* Base */,
			);
			name = LaunchScreen.storyboard;
			sourceTree = "<group>";
		};
/* End PBXVariantGroup section */

/* Begin XCBuildConfiguration section */
		2CF710C82546366800D5FFE6 /* Debug */ = {
			isa = XCBuildConfiguration;
			buildSettings = {
				ALWAYS_SEARCH_USER_PATHS = NO;
				CLANG_ANALYZER_NONNULL = YES;
				CLANG_ANALYZER_NUMBER_OBJECT_CONVERSION = YES_AGGRESSIVE;
				CLANG_CXX_LANGUAGE_STANDARD = "gnu++14";
				CLANG_CXX_LIBRARY = "libc++";
				CLANG_ENABLE_MODULES = YES;
				CLANG_ENABLE_OBJC_ARC = YES;
				CLANG_ENABLE_OBJC_WEAK = YES;
				CLANG_WARN_BLOCK_CAPTURE_AUTORELEASING = YES;
				CLANG_WARN_BOOL_CONVERSION = YES;
				CLANG_WARN_COMMA = YES;
				CLANG_WARN_CONSTANT_CONVERSION = YES;
				CLANG_WARN_DEPRECATED_OBJC_IMPLEMENTATIONS = YES;
				CLANG_WARN_DIRECT_OBJC_ISA_USAGE = YES_ERROR;
				CLANG_WARN_DOCUMENTATION_COMMENTS = YES;
				CLANG_WARN_EMPTY_BODY = YES;
				CLANG_WARN_ENUM_CONVERSION = YES;
				CLANG_WARN_INFINITE_RECURSION = YES;
				CLANG_WARN_INT_CONVERSION = YES;
				CLANG_WARN_NON_LITERAL_NULL_CONVERSION = YES;
				CLANG_WARN_OBJC_IMPLICIT_RETAIN_SELF = YES;
				CLANG_WARN_OBJC_LITERAL_CONVERSION = YES;
				CLANG_WARN_OBJC_ROOT_CLASS = YES_ERROR;
				CLANG_WARN_RANGE_LOOP_ANALYSIS = YES;
				CLANG_WARN_STRICT_PROTOTYPES = YES;
				CLANG_WARN_SUSPICIOUS_MOVE = YES;
				CLANG_WARN_UNGUARDED_AVAILABILITY = YES_AGGRESSIVE;
				CLANG_WARN_UNREACHABLE_CODE = YES;
				CLANG_WARN__DUPLICATE_METHOD_MATCH = YES;
				CODE_SIGN_IDENTITY = "iPhone Developer";
				COPY_PHASE_STRIP = NO;
				DEBUG_INFORMATION_FORMAT = dwarf;
				ENABLE_STRICT_OBJC_MSGSEND = YES;
				ENABLE_TESTABILITY = YES;
				GCC_C_LANGUAGE_STANDARD = gnu11;
				GCC_DYNAMIC_NO_PIC = NO;
				GCC_NO_COMMON_BLOCKS = YES;
				GCC_OPTIMIZATION_LEVEL = 0;
				GCC_PREPROCESSOR_DEFINITIONS = (
					"DEBUG=1",
					"$(inherited)",
				);
				GCC_WARN_64_TO_32_BIT_CONVERSION = YES;
				GCC_WARN_ABOUT_RETURN_TYPE = YES_ERROR;
				GCC_WARN_UNDECLARED_SELECTOR = YES;
				GCC_WARN_UNINITIALIZED_AUTOS = YES_AGGRESSIVE;
				GCC_WARN_UNUSED_FUNCTION = YES;
				GCC_WARN_UNUSED_VARIABLE = YES;
				IPHONEOS_DEPLOYMENT_TARGET = 12.1;
				MTL_ENABLE_DEBUG_INFO = INCLUDE_SOURCE;
				MTL_FAST_MATH = YES;
				ONLY_ACTIVE_ARCH = YES;
				SDKROOT = iphoneos;
				SWIFT_ACTIVE_COMPILATION_CONDITIONS = DEBUG;
				SWIFT_OPTIMIZATION_LEVEL = "-Onone";
			};
			name = Debug;
		};
		2CF710C92546366800D5FFE6 /* Release */ = {
			isa = XCBuildConfiguration;
			buildSettings = {
				ALWAYS_SEARCH_USER_PATHS = NO;
				CLANG_ANALYZER_NONNULL = YES;
				CLANG_ANALYZER_NUMBER_OBJECT_CONVERSION = YES_AGGRESSIVE;
				CLANG_CXX_LANGUAGE_STANDARD = "gnu++14";
				CLANG_CXX_LIBRARY = "libc++";
				CLANG_ENABLE_MODULES = YES;
				CLANG_ENABLE_OBJC_ARC = YES;
				CLANG_ENABLE_OBJC_WEAK = YES;
				CLANG_WARN_BLOCK_CAPTURE_AUTORELEASING = YES;
				CLANG_WARN_BOOL_CONVERSION = YES;
				CLANG_WARN_COMMA = YES;
				CLANG_WARN_CONSTANT_CONVERSION = YES;
				CLANG_WARN_DEPRECATED_OBJC_IMPLEMENTATIONS = YES;
				CLANG_WARN_DIRECT_OBJC_ISA_USAGE = YES_ERROR;
				CLANG_WARN_DOCUMENTATION_COMMENTS = YES;
				CLANG_WARN_EMPTY_BODY = YES;
				CLANG_WARN_ENUM_CONVERSION = YES;
				CLANG_WARN_INFINITE_RECURSION = YES;
				CLANG_WARN_INT_CONVERSION = YES;
				CLANG_WARN_NON_LITERAL_NULL_CONVERSION = YES;
				CLANG_WARN_OBJC_IMPLICIT_RETAIN_SELF = YES;
				CLANG_WARN_OBJC_LITERAL_CONVERSION = YES;
				CLANG_WARN_OBJC_ROOT_CLASS = YES_ERROR;
				CLANG_WARN_RANGE_LOOP_ANALYSIS = YES;
				CLANG_WARN_STRICT_PROTOTYPES = YES;
				CLANG_WARN_SUSPICIOUS_MOVE = YES;
				CLANG_WARN_UNGUARDED_AVAILABILITY = YES_AGGRESSIVE;
				CLANG_WARN_UNREACHABLE_CODE = YES;
				CLANG_WARN__DUPLICATE_METHOD_MATCH = YES;
				CODE_SIGN_IDENTITY = "iPhone Developer";
				COPY_PHASE_STRIP = NO;
				DEBUG_INFORMATION_FORMAT = "dwarf-with-dsym";
				ENABLE_NS_ASSERTIONS = NO;
				ENABLE_STRICT_OBJC_MSGSEND = YES;
				GCC_C_LANGUAGE_STANDARD = gnu11;
				GCC_NO_COMMON_BLOCKS = YES;
				GCC_WARN_64_TO_32_BIT_CONVERSION = YES;
				GCC_WARN_ABOUT_RETURN_TYPE = YES_ERROR;
				GCC_WARN_UNDECLARED_SELECTOR = YES;
				GCC_WARN_UNINITIALIZED_AUTOS = YES_AGGRESSIVE;
				GCC_WARN_UNUSED_FUNCTION = YES;
				GCC_WARN_UNUSED_VARIABLE = YES;
				IPHONEOS_DEPLOYMENT_TARGET = 12.1;
				MTL_ENABLE_DEBUG_INFO = NO;
				MTL_FAST_MATH = YES;
				SDKROOT = iphoneos;
				SWIFT_COMPILATION_MODE = wholemodule;
				SWIFT_OPTIMIZATION_LEVEL = "-O";
				VALIDATE_PRODUCT = YES;
			};
			name = Release;
		};
		2CF710CB2546366800D5FFE6 /* Debug */ = {
			isa = XCBuildConfiguration;
			baseConfigurationReference = 4189BDB64A75809437BD9D22 /* Pods-myHSJournal.debug.xcconfig */;
			buildSettings = {
				ASSETCATALOG_COMPILER_APPICON_NAME = AppIcon;
				CODE_SIGN_STYLE = Automatic;
				INFOPLIST_FILE = myHSJournal/Info.plist;
				LD_RUNPATH_SEARCH_PATHS = (
					"$(inherited)",
					"@executable_path/Frameworks",
				);
				PRODUCT_BUNDLE_IDENTIFIER = com.simonekarani.myHSJournal;
				PRODUCT_NAME = "$(TARGET_NAME)";
				SWIFT_VERSION = 4.2;
				TARGETED_DEVICE_FAMILY = "1,2";
			};
			name = Debug;
		};
		2CF710CC2546366800D5FFE6 /* Release */ = {
			isa = XCBuildConfiguration;
			baseConfigurationReference = 0E1FD0F7F69C47FDDDFB6EE5 /* Pods-myHSJournal.release.xcconfig */;
			buildSettings = {
				ASSETCATALOG_COMPILER_APPICON_NAME = AppIcon;
				CODE_SIGN_STYLE = Automatic;
				INFOPLIST_FILE = myHSJournal/Info.plist;
				LD_RUNPATH_SEARCH_PATHS = (
					"$(inherited)",
					"@executable_path/Frameworks",
				);
				PRODUCT_BUNDLE_IDENTIFIER = com.simonekarani.myHSJournal;
				PRODUCT_NAME = "$(TARGET_NAME)";
				SWIFT_VERSION = 4.2;
				TARGETED_DEVICE_FAMILY = "1,2";
			};
			name = Release;
		};
/* End XCBuildConfiguration section */

/* Begin XCConfigurationList section */
		2CF710B02546366800D5FFE6 /* Build configuration list for PBXProject "myHSJournal" */ = {
			isa = XCConfigurationList;
			buildConfigurations = (
				2CF710C82546366800D5FFE6 /* Debug */,
				2CF710C92546366800D5FFE6 /* Release */,
			);
			defaultConfigurationIsVisible = 0;
			defaultConfigurationName = Release;
		};
		2CF710CA2546366800D5FFE6 /* Build configuration list for PBXNativeTarget "myHSJournal" */ = {
			isa = XCConfigurationList;
			buildConfigurations = (
				2CF710CB2546366800D5FFE6 /* Debug */,
				2CF710CC2546366800D5FFE6 /* Release */,
			);
			defaultConfigurationIsVisible = 0;
			defaultConfigurationName = Release;
		};
/* End XCConfigurationList section */

/* Begin XCVersionGroup section */
		2CF710BF2546366800D5FFE6 /* myHSJournal.xcdatamodeld */ = {
			isa = XCVersionGroup;
			children = (
				2CF710C02546366800D5FFE6 /* myHSJournal.xcdatamodel */,
			);
			currentVersion = 2CF710C02546366800D5FFE6 /* myHSJournal.xcdatamodel */;
			path = myHSJournal.xcdatamodeld;
			sourceTree = "<group>";
			versionGroupType = wrapper.xcdatamodel;
		};
/* End XCVersionGroup section */
	};
	rootObject = 2CF710AD2546366800D5FFE6 /* Project object */;
}
